
Microsoft Visual Studio Solution File, Format Version 12.00
# Visual Studio Version 16
VisualStudioVersion = 16.0.29926.136
MinimumVisualStudioVersion = 10.0.40219.1
Project("{FAE04EC0-301F-11D3-BF4B-00C04F79EFBC}") = "Companion Hoarder", "Companion Hoarder.csproj", "{2EAA7AAE-541F-405F-A2B3-52DD72151676}"
EndProject
Global
	GlobalSection(SolutionConfigurationPlatforms) = preSolution
		Debug|Any CPU = Debug|Any CPU
		Release|Any CPU = Release|Any CPU
	EndGlobalSection
	GlobalSection(ProjectConfigurationPlatforms) = postSolution
		{2EAA7AAE-541F-405F-A2B3-52DD72151676}.Debug|Any CPU.ActiveCfg = Debug|Any CPU
		{2EAA7AAE-541F-405F-A2B3-52DD72151676}.Debug|Any CPU.Build.0 = Debug|Any CPU
		{2EAA7AAE-541F-405F-A2B3-52DD72151676}.Release|Any CPU.ActiveCfg = Release|Any CPU
		{2EAA7AAE-541F-405F-A2B3-52DD72151676}.Release|Any CPU.Build.0 = Release|Any CPU
	EndGlobalSection
	GlobalSection(SolutionProperties) = preSolution
		HideSolutionNode = FALSE
	EndGlobalSection
	GlobalSection(ExtensibilityGlobals) = postSolution
		SolutionGuid = {41B60D6A-F30E-40EC-AFF5-03AA3DBB42CE}
	EndGlobalSection
EndGlobal
